
Microsoft Visual Studio Solution File, Format Version 12.00
# Visual Studio Version 17
VisualStudioVersion = 17.7.34031.279
MinimumVisualStudioVersion = 10.0.40219.1
Project("{FAE04EC0-301F-11D3-BF4B-00C04F79EFBC}") = "HeapSortTree", "HeapSortTree\HeapSortTree.csproj", "{82797760-577C-4AE2-B3CA-DD05002894FB}"
EndProject
Global
	GlobalSection(SolutionConfigurationPlatforms) = preSolution
		Debug|Any CPU = Debug|Any CPU
		Release|Any CPU = Release|Any CPU
	EndGlobalSection
	GlobalSection(ProjectConfigurationPlatforms) = postSolution
		{82797760-577C-4AE2-B3CA-DD05002894FB}.Debug|Any CPU.ActiveCfg = Debug|Any CPU
		{82797760-577C-4AE2-B3CA-DD05002894FB}.Debug|Any CPU.Build.0 = Debug|Any CPU
		{82797760-577C-4AE2-B3CA-DD05002894FB}.Release|Any CPU.ActiveCfg = Release|Any CPU
		{82797760-577C-4AE2-B3CA-DD05002894FB}.Release|Any CPU.Build.0 = Release|Any CPU
	EndGlobalSection
	GlobalSection(SolutionProperties) = preSolution
		HideSolutionNode = FALSE
	EndGlobalSection
	GlobalSection(ExtensibilityGlobals) = postSolution
		SolutionGuid = {2A27EF1E-2938-430A-BD33-979F9576D600}
	EndGlobalSection
EndGlobal
